
Microsoft Visual Studio Solution File, Format Version 12.00
# Visual Studio Express 2012 for Windows Desktop
Project("{FAE04EC0-301F-11D3-BF4B-00C04F79EFBC}") = "3rd Semester Project-Ali Raza", "3rd Semester Project-Ali Raza\3rd Semester Project-Ali Raza.csproj", "{A871A445-22EF-47C4-B40E-9DFE72B4D7CA}"
EndProject
Global
	GlobalSection(SolutionConfigurationPlatforms) = preSolution
		Debug|Any CPU = Debug|Any CPU
		Release|Any CPU = Release|Any CPU
	EndGlobalSection
	GlobalSection(ProjectConfigurationPlatforms) = postSolution
		{A871A445-22EF-47C4-B40E-9DFE72B4D7CA}.Debug|Any CPU.ActiveCfg = Debug|Any CPU
		{A871A445-22EF-47C4-B40E-9DFE72B4D7CA}.Debug|Any CPU.Build.0 = Debug|Any CPU
		{A871A445-22EF-47C4-B40E-9DFE72B4D7CA}.Release|Any CPU.ActiveCfg = Release|Any CPU
		{A871A445-22EF-47C4-B40E-9DFE72B4D7CA}.Release|Any CPU.Build.0 = Release|Any CPU
	EndGlobalSection
	GlobalSection(SolutionProperties) = preSolution
		HideSolutionNode = FALSE
	EndGlobalSection
EndGlobal
